{
  "requires": true,
  "lockfileVersion": 1,
  "dependencies": {
    "websocket-connection-stream": {
      "version": "0.0.1",
      "resolved": "https://registry.npmjs.org/websocket-connection-stream/-/websocket-connection-stream-0.0.1.tgz",
      "integrity": "sha1-KqZnjEAnHodkj9zfcKm+opQgUCM="
    }
  }
}
